{
  "name": "demotext-standard-delivery-v5-hyperframes",
  "lockfileVersion": 3,
  "requires": true,
  "packages": {
    "": {
      "name": "demotext-standard-delivery-v5-hyperframes",
      "dependencies": {
        "@fontsource-variable/noto-sans-sc": "5.2.10"
      }
    },
    "node_modules/@fontsource-variable/noto-sans-sc": {
      "version": "5.2.10",
      "resolved": "https://registry.npmmirror.com/@fontsource-variable/noto-sans-sc/-/noto-sans-sc-5.2.10.tgz",
      "integrity": "sha512-zdk10i5HrDQTXI7ldD61zToX1fsgig8vDTsu7zB48SXOitWfuX0e5viZAwnkHuhwh096PU6X6i1AyAsbBCISpA==",
      "license": "OFL-1.1",
      "funding": {
        "url": "https://github.com/sponsors/ayuhito"
      }
    }
  }
}
